
Microsoft Visual Studio Solution File, Format Version 12.00
# Visual Studio Version 17
VisualStudioVersion = 17.4.33110.190
MinimumVisualStudioVersion = 10.0.40219.1
Project("{FAE04EC0-301F-11D3-BF4B-00C04F79EFBC}") = "WebApiExamen", "WebApiExamen\WebApiExamen.csproj", "{52A7EC39-247B-4241-BCFB-0325DC91965F}"
EndProject
Global
	GlobalSection(SolutionConfigurationPlatforms) = preSolution
		Debug|Any CPU = Debug|Any CPU
		Release|Any CPU = Release|Any CPU
	EndGlobalSection
	GlobalSection(ProjectConfigurationPlatforms) = postSolution
		{52A7EC39-247B-4241-BCFB-0325DC91965F}.Debug|Any CPU.ActiveCfg = Debug|Any CPU
		{52A7EC39-247B-4241-BCFB-0325DC91965F}.Debug|Any CPU.Build.0 = Debug|Any CPU
		{52A7EC39-247B-4241-BCFB-0325DC91965F}.Release|Any CPU.ActiveCfg = Release|Any CPU
		{52A7EC39-247B-4241-BCFB-0325DC91965F}.Release|Any CPU.Build.0 = Release|Any CPU
	EndGlobalSection
	GlobalSection(SolutionProperties) = preSolution
		HideSolutionNode = FALSE
	EndGlobalSection
	GlobalSection(ExtensibilityGlobals) = postSolution
		SolutionGuid = {6ECA671B-8D6F-4ECC-95B3-676F6B6F3BA1}
	EndGlobalSection
EndGlobal
